
Microsoft Visual Studio Solution File, Format Version 12.00
# Visual Studio Version 17
VisualStudioVersion = 17.8.34511.84
MinimumVisualStudioVersion = 10.0.40219.1
Project("{FAE04EC0-301F-11D3-BF4B-00C04F79EFBC}") = "WareHouseNJsound", "WareHouseNJsound\WareHouseNJsound.csproj", "{3C000CF2-FFF0-488C-8A69-DADD82A0B944}"
EndProject
Global
	GlobalSection(SolutionConfigurationPlatforms) = preSolution
		Debug|Any CPU = Debug|Any CPU
		Release|Any CPU = Release|Any CPU
	EndGlobalSection
	GlobalSection(ProjectConfigurationPlatforms) = postSolution
		{3C000CF2-FFF0-488C-8A69-DADD82A0B944}.Debug|Any CPU.ActiveCfg = Debug|Any CPU
		{3C000CF2-FFF0-488C-8A69-DADD82A0B944}.Debug|Any CPU.Build.0 = Debug|Any CPU
		{3C000CF2-FFF0-488C-8A69-DADD82A0B944}.Release|Any CPU.ActiveCfg = Release|Any CPU
		{3C000CF2-FFF0-488C-8A69-DADD82A0B944}.Release|Any CPU.Build.0 = Release|Any CPU
	EndGlobalSection
	GlobalSection(SolutionProperties) = preSolution
		HideSolutionNode = FALSE
	EndGlobalSection
	GlobalSection(ExtensibilityGlobals) = postSolution
		SolutionGuid = {98896C91-B851-4935-A15F-F436657CD991}
	EndGlobalSection
EndGlobal
